
Microsoft Visual Studio Solution File, Format Version 12.00
# Visual Studio Version 16
VisualStudioVersion = 16.0.31515.178
MinimumVisualStudioVersion = 10.0.40219.1
Project("{FAE04EC0-301F-11D3-BF4B-00C04F79EFBC}") = "Calc-Atividade1", "Calc-Atividade1.csproj", "{5D180D48-6C31-4C2F-B284-627553337B8D}"
EndProject
Global
	GlobalSection(SolutionConfigurationPlatforms) = preSolution
		Debug|Any CPU = Debug|Any CPU
		Release|Any CPU = Release|Any CPU
	EndGlobalSection
	GlobalSection(ProjectConfigurationPlatforms) = postSolution
		{5D180D48-6C31-4C2F-B284-627553337B8D}.Debug|Any CPU.ActiveCfg = Debug|Any CPU
		{5D180D48-6C31-4C2F-B284-627553337B8D}.Debug|Any CPU.Build.0 = Debug|Any CPU
		{5D180D48-6C31-4C2F-B284-627553337B8D}.Release|Any CPU.ActiveCfg = Release|Any CPU
		{5D180D48-6C31-4C2F-B284-627553337B8D}.Release|Any CPU.Build.0 = Release|Any CPU
	EndGlobalSection
	GlobalSection(SolutionProperties) = preSolution
		HideSolutionNode = FALSE
	EndGlobalSection
	GlobalSection(ExtensibilityGlobals) = postSolution
		SolutionGuid = {F3B1213F-8EE3-4404-997A-439D5779D6C9}
	EndGlobalSection
EndGlobal
